
Microsoft Visual Studio Solution File, Format Version 12.00
# Visual Studio Version 16
VisualStudioVersion = 16.0.32630.194
MinimumVisualStudioVersion = 10.0.40219.1
Project("{FAE04EC0-301F-11D3-BF4B-00C04F79EFBC}") = "EntityLayer", "EntityLayer\EntityLayer.csproj", "{B291022A-0C54-4DF4-9CDC-6B921193505F}"
EndProject
Project("{FAE04EC0-301F-11D3-BF4B-00C04F79EFBC}") = "DataAccessLayer", "DataAccessLayer\DataAccessLayer.csproj", "{F1FEF53C-FA42-4921-BD85-A0D532D29BCF}"
EndProject
Project("{FAE04EC0-301F-11D3-BF4B-00C04F79EFBC}") = "BusinessLayer", "BusinessLayer\BusinessLayer.csproj", "{781B4DA6-824D-4F3D-9C4C-E6B165BBCE34}"
EndProject
Project("{2150E333-8FDC-42A3-9474-1A3956D46DE8}") = "Solution Items", "Solution Items", "{28BBDE64-AAAD-4FC5-9230-0189813A3282}"
	ProjectSection(SolutionItems) = preProject
		EğitimLinki.txt = EğitimLinki.txt
		Link.txt = Link.txt
		README. = README.
	EndProjectSection
EndProject
Project("{FAE04EC0-301F-11D3-BF4B-00C04F79EFBC}") = "Social-Media-Site", "Social-Media-Site\Social-Media-Site.csproj", "{35F3B025-207F-4AA6-A60F-4B986A5ACA09}"
EndProject
Global
	GlobalSection(SolutionConfigurationPlatforms) = preSolution
		Debug|Any CPU = Debug|Any CPU
		Release|Any CPU = Release|Any CPU
	EndGlobalSection
	GlobalSection(ProjectConfigurationPlatforms) = postSolution
		{B291022A-0C54-4DF4-9CDC-6B921193505F}.Debug|Any CPU.ActiveCfg = Debug|Any CPU
		{B291022A-0C54-4DF4-9CDC-6B921193505F}.Debug|Any CPU.Build.0 = Debug|Any CPU
		{B291022A-0C54-4DF4-9CDC-6B921193505F}.Release|Any CPU.ActiveCfg = Release|Any CPU
		{B291022A-0C54-4DF4-9CDC-6B921193505F}.Release|Any CPU.Build.0 = Release|Any CPU
		{F1FEF53C-FA42-4921-BD85-A0D532D29BCF}.Debug|Any CPU.ActiveCfg = Debug|Any CPU
		{F1FEF53C-FA42-4921-BD85-A0D532D29BCF}.Debug|Any CPU.Build.0 = Debug|Any CPU
		{F1FEF53C-FA42-4921-BD85-A0D532D29BCF}.Release|Any CPU.ActiveCfg = Release|Any CPU
		{F1FEF53C-FA42-4921-BD85-A0D532D29BCF}.Release|Any CPU.Build.0 = Release|Any CPU
		{781B4DA6-824D-4F3D-9C4C-E6B165BBCE34}.Debug|Any CPU.ActiveCfg = Debug|Any CPU
		{781B4DA6-824D-4F3D-9C4C-E6B165BBCE34}.Debug|Any CPU.Build.0 = Debug|Any CPU
		{781B4DA6-824D-4F3D-9C4C-E6B165BBCE34}.Release|Any CPU.ActiveCfg = Release|Any CPU
		{781B4DA6-824D-4F3D-9C4C-E6B165BBCE34}.Release|Any CPU.Build.0 = Release|Any CPU
		{35F3B025-207F-4AA6-A60F-4B986A5ACA09}.Debug|Any CPU.ActiveCfg = Debug|Any CPU
		{35F3B025-207F-4AA6-A60F-4B986A5ACA09}.Debug|Any CPU.Build.0 = Debug|Any CPU
		{35F3B025-207F-4AA6-A60F-4B986A5ACA09}.Release|Any CPU.ActiveCfg = Release|Any CPU
		{35F3B025-207F-4AA6-A60F-4B986A5ACA09}.Release|Any CPU.Build.0 = Release|Any CPU
	EndGlobalSection
	GlobalSection(SolutionProperties) = preSolution
		HideSolutionNode = FALSE
	EndGlobalSection
	GlobalSection(ExtensibilityGlobals) = postSolution
		SolutionGuid = {C4947D5B-D433-49E7-8D04-4FC31FA9C58A}
	EndGlobalSection
EndGlobal
